{
  "name": "html",
  "lockfileVersion": 2,
  "requires": true,
  "packages": {
    "": {
      "dependencies": {
        "font-awesome-sass": "^4.7.0"
      }
    },
    "node_modules/font-awesome-sass": {
      "version": "4.7.0",
      "resolved": "https://registry.npmjs.org/font-awesome-sass/-/font-awesome-sass-4.7.0.tgz",
      "integrity": "sha512-apO2Nw3XP/Zv7fLxa+MnPnvJ/GdkH6qWrLrtN5oQrFL7RPprzHKROjN94jgyoxM+T7PQBhY9F/SwOKbBaLyXxg=="
    }
  },
  "dependencies": {
    "font-awesome-sass": {
      "version": "4.7.0",
      "resolved": "https://registry.npmjs.org/font-awesome-sass/-/font-awesome-sass-4.7.0.tgz",
      "integrity": "sha512-apO2Nw3XP/Zv7fLxa+MnPnvJ/GdkH6qWrLrtN5oQrFL7RPprzHKROjN94jgyoxM+T7PQBhY9F/SwOKbBaLyXxg=="
    }
  }
}
